
Microsoft Visual Studio Solution File, Format Version 12.00
# Visual Studio Version 17
VisualStudioVersion = 17.5.33530.505
MinimumVisualStudioVersion = 10.0.40219.1
Project("{8BC9CEB8-8B4A-11D0-8D11-00A0C91BC942}") = "Bai001", "Bai001\Bai001.vcxproj", "{60063DB6-76DF-44AA-909D-EC952A89BEB9}"
EndProject
Project("{8BC9CEB8-8B4A-11D0-8D11-00A0C91BC942}") = "Bai002", "Bai002\Bai002.vcxproj", "{E1B4600C-010C-4904-AA8E-30795E19E263}"
EndProject
Project("{8BC9CEB8-8B4A-11D0-8D11-00A0C91BC942}") = "Bai003", "Bai003\Bai003.vcxproj", "{3F8E5903-AAD6-4FFB-8A42-2750B1189CEE}"
EndProject
Project("{8BC9CEB8-8B4A-11D0-8D11-00A0C91BC942}") = "Bai004", "Bai004\Bai004.vcxproj", "{800B812B-A6B4-46D2-80A8-EDAC2960078E}"
EndProject
Project("{8BC9CEB8-8B4A-11D0-8D11-00A0C91BC942}") = "Bai005", "Bai005\Bai005.vcxproj", "{A27088FF-50C8-4D27-AA32-1A936BB21606}"
EndProject
Project("{8BC9CEB8-8B4A-11D0-8D11-00A0C91BC942}") = "Bai006", "Bai006\Bai006.vcxproj", "{82603BCF-44EB-4DDF-BEB2-4FA3C8016C0F}"
EndProject
Project("{8BC9CEB8-8B4A-11D0-8D11-00A0C91BC942}") = "Bai007", "Bai007\Bai007.vcxproj", "{8DA28189-EB01-44CF-971F-573CD809334B}"
EndProject
Project("{8BC9CEB8-8B4A-11D0-8D11-00A0C91BC942}") = "Bai008", "Bai008\Bai008.vcxproj", "{DB7F967D-04DC-4D7A-B371-4FF9FAEE5D82}"
EndProject
Project("{8BC9CEB8-8B4A-11D0-8D11-00A0C91BC942}") = "Bai009", "Bai009\Bai009.vcxproj", "{CB589665-473C-40C8-90B8-9AAB9FD205DE}"
EndProject
Project("{8BC9CEB8-8B4A-11D0-8D11-00A0C91BC942}") = "Bai010", "Bai010\Bai010.vcxproj", "{E8238CB1-EBC7-4E55-8E86-3439EF4341EF}"
EndProject
Project("{8BC9CEB8-8B4A-11D0-8D11-00A0C91BC942}") = "Bai011", "Bai011\Bai011.vcxproj", "{A48D752B-BAB7-463C-B6B5-C21D48BC1439}"
EndProject
Project("{8BC9CEB8-8B4A-11D0-8D11-00A0C91BC942}") = "Bai012", "Bai012\Bai012.vcxproj", "{8DFD86D5-D8F4-42DC-BBD5-817C1CDE8764}"
EndProject
Global
	GlobalSection(SolutionConfigurationPlatforms) = preSolution
		Debug|x64 = Debug|x64
		Debug|x86 = Debug|x86
		Release|x64 = Release|x64
		Release|x86 = Release|x86
	EndGlobalSection
	GlobalSection(ProjectConfigurationPlatforms) = postSolution
		{60063DB6-76DF-44AA-909D-EC952A89BEB9}.Debug|x64.ActiveCfg = Debug|x64
		{60063DB6-76DF-44AA-909D-EC952A89BEB9}.Debug|x64.Build.0 = Debug|x64
		{60063DB6-76DF-44AA-909D-EC952A89BEB9}.Debug|x86.ActiveCfg = Debug|Win32
		{60063DB6-76DF-44AA-909D-EC952A89BEB9}.Debug|x86.Build.0 = Debug|Win32
		{60063DB6-76DF-44AA-909D-EC952A89BEB9}.Release|x64.ActiveCfg = Release|x64
		{60063DB6-76DF-44AA-909D-EC952A89BEB9}.Release|x64.Build.0 = Release|x64
		{60063DB6-76DF-44AA-909D-EC952A89BEB9}.Release|x86.ActiveCfg = Release|Win32
		{60063DB6-76DF-44AA-909D-EC952A89BEB9}.Release|x86.Build.0 = Release|Win32
		{E1B4600C-010C-4904-AA8E-30795E19E263}.Debug|x64.ActiveCfg = Debug|x64
		{E1B4600C-010C-4904-AA8E-30795E19E263}.Debug|x64.Build.0 = Debug|x64
		{E1B4600C-010C-4904-AA8E-30795E19E263}.Debug|x86.ActiveCfg = Debug|Win32
		{E1B4600C-010C-4904-AA8E-30795E19E263}.Debug|x86.Build.0 = Debug|Win32
		{E1B4600C-010C-4904-AA8E-30795E19E263}.Release|x64.ActiveCfg = Release|x64
		{E1B4600C-010C-4904-AA8E-30795E19E263}.Release|x64.Build.0 = Release|x64
		{E1B4600C-010C-4904-AA8E-30795E19E263}.Release|x86.ActiveCfg = Release|Win32
		{E1B4600C-010C-4904-AA8E-30795E19E263}.Release|x86.Build.0 = Release|Win32
		{3F8E5903-AAD6-4FFB-8A42-2750B1189CEE}.Debug|x64.ActiveCfg = Debug|x64
		{3F8E5903-AAD6-4FFB-8A42-2750B1189CEE}.Debug|x64.Build.0 = Debug|x64
		{3F8E5903-AAD6-4FFB-8A42-2750B1189CEE}.Debug|x86.ActiveCfg = Debug|Win32
		{3F8E5903-AAD6-4FFB-8A42-2750B1189CEE}.Debug|x86.Build.0 = Debug|Win32
		{3F8E5903-AAD6-4FFB-8A42-2750B1189CEE}.Release|x64.ActiveCfg = Release|x64
		{3F8E5903-AAD6-4FFB-8A42-2750B1189CEE}.Release|x64.Build.0 = Release|x64
		{3F8E5903-AAD6-4FFB-8A42-2750B1189CEE}.Release|x86.ActiveCfg = Release|Win32
		{3F8E5903-AAD6-4FFB-8A42-2750B1189CEE}.Release|x86.Build.0 = Release|Win32
		{800B812B-A6B4-46D2-80A8-EDAC2960078E}.Debug|x64.ActiveCfg = Debug|x64
		{800B812B-A6B4-46D2-80A8-EDAC2960078E}.Debug|x64.Build.0 = Debug|x64
		{800B812B-A6B4-46D2-80A8-EDAC2960078E}.Debug|x86.ActiveCfg = Debug|Win32
		{800B812B-A6B4-46D2-80A8-EDAC2960078E}.Debug|x86.Build.0 = Debug|Win32
		{800B812B-A6B4-46D2-80A8-EDAC2960078E}.Release|x64.ActiveCfg = Release|x64
		{800B812B-A6B4-46D2-80A8-EDAC2960078E}.Release|x64.Build.0 = Release|x64
		{800B812B-A6B4-46D2-80A8-EDAC2960078E}.Release|x86.ActiveCfg = Release|Win32
		{800B812B-A6B4-46D2-80A8-EDAC2960078E}.Release|x86.Build.0 = Release|Win32
		{A27088FF-50C8-4D27-AA32-1A936BB21606}.Debug|x64.ActiveCfg = Debug|x64
		{A27088FF-50C8-4D27-AA32-1A936BB21606}.Debug|x64.Build.0 = Debug|x64
		{A27088FF-50C8-4D27-AA32-1A936BB21606}.Debug|x86.ActiveCfg = Debug|Win32
		{A27088FF-50C8-4D27-AA32-1A936BB21606}.Debug|x86.Build.0 = Debug|Win32
		{A27088FF-50C8-4D27-AA32-1A936BB21606}.Release|x64.ActiveCfg = Release|x64
		{A27088FF-50C8-4D27-AA32-1A936BB21606}.Release|x64.Build.0 = Release|x64
		{A27088FF-50C8-4D27-AA32-1A936BB21606}.Release|x86.ActiveCfg = Release|Win32
		{A27088FF-50C8-4D27-AA32-1A936BB21606}.Release|x86.Build.0 = Release|Win32
		{82603BCF-44EB-4DDF-BEB2-4FA3C8016C0F}.Debug|x64.ActiveCfg = Debug|x64
		{82603BCF-44EB-4DDF-BEB2-4FA3C8016C0F}.Debug|x64.Build.0 = Debug|x64
		{82603BCF-44EB-4DDF-BEB2-4FA3C8016C0F}.Debug|x86.ActiveCfg = Debug|Win32
		{82603BCF-44EB-4DDF-BEB2-4FA3C8016C0F}.Debug|x86.Build.0 = Debug|Win32
		{82603BCF-44EB-4DDF-BEB2-4FA3C8016C0F}.Release|x64.ActiveCfg = Release|x64
		{82603BCF-44EB-4DDF-BEB2-4FA3C8016C0F}.Release|x64.Build.0 = Release|x64
		{82603BCF-44EB-4DDF-BEB2-4FA3C8016C0F}.Release|x86.ActiveCfg = Release|Win32
		{82603BCF-44EB-4DDF-BEB2-4FA3C8016C0F}.Release|x86.Build.0 = Release|Win32
		{8DA28189-EB01-44CF-971F-573CD809334B}.Debug|x64.ActiveCfg = Debug|x64
		{8DA28189-EB01-44CF-971F-573CD809334B}.Debug|x64.Build.0 = Debug|x64
		{8DA28189-EB01-44CF-971F-573CD809334B}.Debug|x86.ActiveCfg = Debug|Win32
		{8DA28189-EB01-44CF-971F-573CD809334B}.Debug|x86.Build.0 = Debug|Win32
		{8DA28189-EB01-44CF-971F-573CD809334B}.Release|x64.ActiveCfg = Release|x64
		{8DA28189-EB01-44CF-971F-573CD809334B}.Release|x64.Build.0 = Release|x64
		{8DA28189-EB01-44CF-971F-573CD809334B}.Release|x86.ActiveCfg = Release|Win32
		{8DA28189-EB01-44CF-971F-573CD809334B}.Release|x86.Build.0 = Release|Win32
		{DB7F967D-04DC-4D7A-B371-4FF9FAEE5D82}.Debug|x64.ActiveCfg = Debug|x64
		{DB7F967D-04DC-4D7A-B371-4FF9FAEE5D82}.Debug|x64.Build.0 = Debug|x64
		{DB7F967D-04DC-4D7A-B371-4FF9FAEE5D82}.Debug|x86.ActiveCfg = Debug|Win32
		{DB7F967D-04DC-4D7A-B371-4FF9FAEE5D82}.Debug|x86.Build.0 = Debug|Win32
		{DB7F967D-04DC-4D7A-B371-4FF9FAEE5D82}.Release|x64.ActiveCfg = Release|x64
		{DB7F967D-04DC-4D7A-B371-4FF9FAEE5D82}.Release|x64.Build.0 = Release|x64
		{DB7F967D-04DC-4D7A-B371-4FF9FAEE5D82}.Release|x86.ActiveCfg = Release|Win32
		{DB7F967D-04DC-4D7A-B371-4FF9FAEE5D82}.Release|x86.Build.0 = Release|Win32
		{CB589665-473C-40C8-90B8-9AAB9FD205DE}.Debug|x64.ActiveCfg = Debug|x64
		{CB589665-473C-40C8-90B8-9AAB9FD205DE}.Debug|x64.Build.0 = Debug|x64
		{CB589665-473C-40C8-90B8-9AAB9FD205DE}.Debug|x86.ActiveCfg = Debug|Win32
		{CB589665-473C-40C8-90B8-9AAB9FD205DE}.Debug|x86.Build.0 = Debug|Win32
		{CB589665-473C-40C8-90B8-9AAB9FD205DE}.Release|x64.ActiveCfg = Release|x64
		{CB589665-473C-40C8-90B8-9AAB9FD205DE}.Release|x64.Build.0 = Release|x64
		{CB589665-473C-40C8-90B8-9AAB9FD205DE}.Release|x86.ActiveCfg = Release|Win32
		{CB589665-473C-40C8-90B8-9AAB9FD205DE}.Release|x86.Build.0 = Release|Win32
		{E8238CB1-EBC7-4E55-8E86-3439EF4341EF}.Debug|x64.ActiveCfg = Debug|x64
		{E8238CB1-EBC7-4E55-8E86-3439EF4341EF}.Debug|x64.Build.0 = Debug|x64
		{E8238CB1-EBC7-4E55-8E86-3439EF4341EF}.Debug|x86.ActiveCfg = Debug|Win32
		{E8238CB1-EBC7-4E55-8E86-3439EF4341EF}.Debug|x86.Build.0 = Debug|Win32
		{E8238CB1-EBC7-4E55-8E86-3439EF4341EF}.Release|x64.ActiveCfg = Release|x64
		{E8238CB1-EBC7-4E55-8E86-3439EF4341EF}.Release|x64.Build.0 = Release|x64
		{E8238CB1-EBC7-4E55-8E86-3439EF4341EF}.Release|x86.ActiveCfg = Release|Win32
		{E8238CB1-EBC7-4E55-8E86-3439EF4341EF}.Release|x86.Build.0 = Release|Win32
		{A48D752B-BAB7-463C-B6B5-C21D48BC1439}.Debug|x64.ActiveCfg = Debug|x64
		{A48D752B-BAB7-463C-B6B5-C21D48BC1439}.Debug|x64.Build.0 = Debug|x64
		{A48D752B-BAB7-463C-B6B5-C21D48BC1439}.Debug|x86.ActiveCfg = Debug|Win32
		{A48D752B-BAB7-463C-B6B5-C21D48BC1439}.Debug|x86.Build.0 = Debug|Win32
		{A48D752B-BAB7-463C-B6B5-C21D48BC1439}.Release|x64.ActiveCfg = Release|x64
		{A48D752B-BAB7-463C-B6B5-C21D48BC1439}.Release|x64.Build.0 = Release|x64
		{A48D752B-BAB7-463C-B6B5-C21D48BC1439}.Release|x86.ActiveCfg = Release|Win32
		{A48D752B-BAB7-463C-B6B5-C21D48BC1439}.Release|x86.Build.0 = Release|Win32
		{8DFD86D5-D8F4-42DC-BBD5-817C1CDE8764}.Debug|x64.ActiveCfg = Debug|x64
		{8DFD86D5-D8F4-42DC-BBD5-817C1CDE8764}.Debug|x64.Build.0 = Debug|x64
		{8DFD86D5-D8F4-42DC-BBD5-817C1CDE8764}.Debug|x86.ActiveCfg = Debug|Win32
		{8DFD86D5-D8F4-42DC-BBD5-817C1CDE8764}.Debug|x86.Build.0 = Debug|Win32
		{8DFD86D5-D8F4-42DC-BBD5-817C1CDE8764}.Release|x64.ActiveCfg = Release|x64
		{8DFD86D5-D8F4-42DC-BBD5-817C1CDE8764}.Release|x64.Build.0 = Release|x64
		{8DFD86D5-D8F4-42DC-BBD5-817C1CDE8764}.Release|x86.ActiveCfg = Release|Win32
		{8DFD86D5-D8F4-42DC-BBD5-817C1CDE8764}.Release|x86.Build.0 = Release|Win32
	EndGlobalSection
	GlobalSection(SolutionProperties) = preSolution
		HideSolutionNode = FALSE
	EndGlobalSection
	GlobalSection(ExtensibilityGlobals) = postSolution
		SolutionGuid = {906B43E0-D878-453D-BD55-439544D46787}
	EndGlobalSection
EndGlobal
